
Microsoft Visual Studio Solution File, Format Version 12.00
# Visual Studio 2012
Project("{FAE04EC0-301F-11D3-BF4B-00C04F79EFBC}") = "BlockAndPass.AdminWeb", "BlockAndPassAdminWeb\BlockAndPass.AdminWeb.csproj", "{216D896D-8AB2-4EFF-9E15-558AE937B1BD}"
EndProject
Project("{FAE04EC0-301F-11D3-BF4B-00C04F79EFBC}") = "BlockAndPass.WebServiceLocalReader", "BlockAndPass.WebServiceLocalReader\BlockAndPass.WebServiceLocalReader.csproj", "{A67B3ECF-83C7-42DD-B9CC-68E0E90448E8}"
EndProject
Project("{FAE04EC0-301F-11D3-BF4B-00C04F79EFBC}") = "BlockAndPass.PPMWinform", "BlockAndPass.PPMWinform\BlockAndPass.PPMWinform.csproj", "{0C5B487E-30CA-485C-9F76-FECD8931CC7D}"
EndProject
Project("{FAE04EC0-301F-11D3-BF4B-00C04F79EFBC}") = "BlockAndPass.WebService", "BlockAndPass.WebService\BlockAndPass.WebService.csproj", "{B5BAA89E-F97E-493A-83FD-677414C3B901}"
EndProject
Project("{6141683F-8A12-4E36-9623-2EB02B2C2303}") = "BlockAndPass.WinformPPMInstaller", "BlockAndPass.WinformPPMInstaller\BlockAndPass.WinformPPMInstaller.isproj", "{8EF69199-C2E9-4B8D-A22B-19A598D25BFC}"
	ProjectSection(ProjectDependencies) = postProject
		{0C5B487E-30CA-485C-9F76-FECD8931CC7D} = {0C5B487E-30CA-485C-9F76-FECD8931CC7D}
	EndProjectSection
EndProject
Project("{FAE04EC0-301F-11D3-BF4B-00C04F79EFBC}") = "BlockAndPass.Utilidades", "BlockAndPass.Utilidades\BlockAndPass.Utilidades.csproj", "{F140CECE-B01D-43DE-B65C-626552BD5389}"
EndProject
Project("{6141683F-8A12-4E36-9623-2EB02B2C2303}") = "BlockAndPass.WinformIntegracionContableInstaller", "BlockAndPass.WinformIntegracionContableInstaller\BlockAndPass.WinformIntegracionContableInstaller.isproj", "{BCB04595-74D4-42B2-A7CF-048099296F5A}"
EndProject
Project("{FAE04EC0-301F-11D3-BF4B-00C04F79EFBC}") = "BlockAndPass.VisadoWinform", "BlockAndPass.VisadoWinform\BlockAndPass.VisadoWinform.csproj", "{410F61A6-B826-40E1-9A83-B61DD8B99B92}"
EndProject
Project("{6141683F-8A12-4E36-9623-2EB02B2C2303}") = "BlockAndPass.VisadoInstaller", "BlockAndPass.VisadoInstaller\BlockAndPass.VisadoInstaller.isproj", "{0F7A2458-57EB-4BCB-8E19-B8E242E8DAC2}"
	ProjectSection(ProjectDependencies) = postProject
		{410F61A6-B826-40E1-9A83-B61DD8B99B92} = {410F61A6-B826-40E1-9A83-B61DD8B99B92}
	EndProjectSection
EndProject
Project("{FAE04EC0-301F-11D3-BF4B-00C04F79EFBC}") = "BlockAndPass.ValetWinform", "BlockAndPass.ValetWinform\BlockAndPass.ValetWinform.csproj", "{A2940323-C19A-4712-8375-60E837D586EA}"
EndProject
Global
	GlobalSection(SolutionConfigurationPlatforms) = preSolution
		CD_ROM|Any CPU = CD_ROM|Any CPU
		Debug|Any CPU = Debug|Any CPU
		DVD-5|Any CPU = DVD-5|Any CPU
		Release|Any CPU = Release|Any CPU
		SingleImage|Any CPU = SingleImage|Any CPU
	EndGlobalSection
	GlobalSection(ProjectConfigurationPlatforms) = postSolution
		{216D896D-8AB2-4EFF-9E15-558AE937B1BD}.CD_ROM|Any CPU.ActiveCfg = Release|Any CPU
		{216D896D-8AB2-4EFF-9E15-558AE937B1BD}.CD_ROM|Any CPU.Build.0 = Release|Any CPU
		{216D896D-8AB2-4EFF-9E15-558AE937B1BD}.Debug|Any CPU.ActiveCfg = Debug|Any CPU
		{216D896D-8AB2-4EFF-9E15-558AE937B1BD}.Debug|Any CPU.Build.0 = Debug|Any CPU
		{216D896D-8AB2-4EFF-9E15-558AE937B1BD}.DVD-5|Any CPU.ActiveCfg = Debug|Any CPU
		{216D896D-8AB2-4EFF-9E15-558AE937B1BD}.DVD-5|Any CPU.Build.0 = Debug|Any CPU
		{216D896D-8AB2-4EFF-9E15-558AE937B1BD}.Release|Any CPU.ActiveCfg = Release|Any CPU
		{216D896D-8AB2-4EFF-9E15-558AE937B1BD}.Release|Any CPU.Build.0 = Release|Any CPU
		{216D896D-8AB2-4EFF-9E15-558AE937B1BD}.SingleImage|Any CPU.ActiveCfg = Release|Any CPU
		{216D896D-8AB2-4EFF-9E15-558AE937B1BD}.SingleImage|Any CPU.Build.0 = Release|Any CPU
		{A67B3ECF-83C7-42DD-B9CC-68E0E90448E8}.CD_ROM|Any CPU.ActiveCfg = Release|Any CPU
		{A67B3ECF-83C7-42DD-B9CC-68E0E90448E8}.CD_ROM|Any CPU.Build.0 = Release|Any CPU
		{A67B3ECF-83C7-42DD-B9CC-68E0E90448E8}.Debug|Any CPU.ActiveCfg = Debug|Any CPU
		{A67B3ECF-83C7-42DD-B9CC-68E0E90448E8}.Debug|Any CPU.Build.0 = Debug|Any CPU
		{A67B3ECF-83C7-42DD-B9CC-68E0E90448E8}.DVD-5|Any CPU.ActiveCfg = Debug|Any CPU
		{A67B3ECF-83C7-42DD-B9CC-68E0E90448E8}.DVD-5|Any CPU.Build.0 = Debug|Any CPU
		{A67B3ECF-83C7-42DD-B9CC-68E0E90448E8}.Release|Any CPU.ActiveCfg = Release|Any CPU
		{A67B3ECF-83C7-42DD-B9CC-68E0E90448E8}.Release|Any CPU.Build.0 = Release|Any CPU
		{A67B3ECF-83C7-42DD-B9CC-68E0E90448E8}.SingleImage|Any CPU.ActiveCfg = Release|Any CPU
		{A67B3ECF-83C7-42DD-B9CC-68E0E90448E8}.SingleImage|Any CPU.Build.0 = Release|Any CPU
		{0C5B487E-30CA-485C-9F76-FECD8931CC7D}.CD_ROM|Any CPU.ActiveCfg = Debug|Any CPU
		{0C5B487E-30CA-485C-9F76-FECD8931CC7D}.CD_ROM|Any CPU.Build.0 = Debug|Any CPU
		{0C5B487E-30CA-485C-9F76-FECD8931CC7D}.Debug|Any CPU.ActiveCfg = Debug|x86
		{0C5B487E-30CA-485C-9F76-FECD8931CC7D}.Debug|Any CPU.Build.0 = Debug|x86
		{0C5B487E-30CA-485C-9F76-FECD8931CC7D}.DVD-5|Any CPU.ActiveCfg = Debug|Any CPU
		{0C5B487E-30CA-485C-9F76-FECD8931CC7D}.DVD-5|Any CPU.Build.0 = Debug|Any CPU
		{0C5B487E-30CA-485C-9F76-FECD8931CC7D}.Release|Any CPU.ActiveCfg = Release|Any CPU
		{0C5B487E-30CA-485C-9F76-FECD8931CC7D}.Release|Any CPU.Build.0 = Release|Any CPU
		{0C5B487E-30CA-485C-9F76-FECD8931CC7D}.SingleImage|Any CPU.ActiveCfg = Debug|Any CPU
		{0C5B487E-30CA-485C-9F76-FECD8931CC7D}.SingleImage|Any CPU.Build.0 = Debug|Any CPU
		{B5BAA89E-F97E-493A-83FD-677414C3B901}.CD_ROM|Any CPU.ActiveCfg = Release|Any CPU
		{B5BAA89E-F97E-493A-83FD-677414C3B901}.CD_ROM|Any CPU.Build.0 = Release|Any CPU
		{B5BAA89E-F97E-493A-83FD-677414C3B901}.Debug|Any CPU.ActiveCfg = Debug|Any CPU
		{B5BAA89E-F97E-493A-83FD-677414C3B901}.Debug|Any CPU.Build.0 = Debug|Any CPU
		{B5BAA89E-F97E-493A-83FD-677414C3B901}.DVD-5|Any CPU.ActiveCfg = Debug|Any CPU
		{B5BAA89E-F97E-493A-83FD-677414C3B901}.DVD-5|Any CPU.Build.0 = Debug|Any CPU
		{B5BAA89E-F97E-493A-83FD-677414C3B901}.Release|Any CPU.ActiveCfg = Release|Any CPU
		{B5BAA89E-F97E-493A-83FD-677414C3B901}.Release|Any CPU.Build.0 = Release|Any CPU
		{B5BAA89E-F97E-493A-83FD-677414C3B901}.SingleImage|Any CPU.ActiveCfg = Release|Any CPU
		{B5BAA89E-F97E-493A-83FD-677414C3B901}.SingleImage|Any CPU.Build.0 = Release|Any CPU
		{8EF69199-C2E9-4B8D-A22B-19A598D25BFC}.CD_ROM|Any CPU.ActiveCfg = CD_ROM
		{8EF69199-C2E9-4B8D-A22B-19A598D25BFC}.CD_ROM|Any CPU.Build.0 = CD_ROM
		{8EF69199-C2E9-4B8D-A22B-19A598D25BFC}.Debug|Any CPU.ActiveCfg = SingleImage
		{8EF69199-C2E9-4B8D-A22B-19A598D25BFC}.DVD-5|Any CPU.ActiveCfg = DVD-5
		{8EF69199-C2E9-4B8D-A22B-19A598D25BFC}.DVD-5|Any CPU.Build.0 = DVD-5
		{8EF69199-C2E9-4B8D-A22B-19A598D25BFC}.Release|Any CPU.ActiveCfg = SingleImage
		{8EF69199-C2E9-4B8D-A22B-19A598D25BFC}.Release|Any CPU.Build.0 = SingleImage
		{8EF69199-C2E9-4B8D-A22B-19A598D25BFC}.SingleImage|Any CPU.ActiveCfg = SingleImage
		{8EF69199-C2E9-4B8D-A22B-19A598D25BFC}.SingleImage|Any CPU.Build.0 = SingleImage
		{F140CECE-B01D-43DE-B65C-626552BD5389}.CD_ROM|Any CPU.ActiveCfg = Release|Any CPU
		{F140CECE-B01D-43DE-B65C-626552BD5389}.CD_ROM|Any CPU.Build.0 = Release|Any CPU
		{F140CECE-B01D-43DE-B65C-626552BD5389}.Debug|Any CPU.ActiveCfg = Debug|Any CPU
		{F140CECE-B01D-43DE-B65C-626552BD5389}.Debug|Any CPU.Build.0 = Debug|Any CPU
		{F140CECE-B01D-43DE-B65C-626552BD5389}.DVD-5|Any CPU.ActiveCfg = Debug|Any CPU
		{F140CECE-B01D-43DE-B65C-626552BD5389}.DVD-5|Any CPU.Build.0 = Debug|Any CPU
		{F140CECE-B01D-43DE-B65C-626552BD5389}.Release|Any CPU.ActiveCfg = Release|Any CPU
		{F140CECE-B01D-43DE-B65C-626552BD5389}.Release|Any CPU.Build.0 = Release|Any CPU
		{F140CECE-B01D-43DE-B65C-626552BD5389}.SingleImage|Any CPU.ActiveCfg = Release|Any CPU
		{F140CECE-B01D-43DE-B65C-626552BD5389}.SingleImage|Any CPU.Build.0 = Release|Any CPU
		{BCB04595-74D4-42B2-A7CF-048099296F5A}.CD_ROM|Any CPU.ActiveCfg = CD_ROM
		{BCB04595-74D4-42B2-A7CF-048099296F5A}.CD_ROM|Any CPU.Build.0 = CD_ROM
		{BCB04595-74D4-42B2-A7CF-048099296F5A}.Debug|Any CPU.ActiveCfg = SingleImage
		{BCB04595-74D4-42B2-A7CF-048099296F5A}.DVD-5|Any CPU.ActiveCfg = DVD-5
		{BCB04595-74D4-42B2-A7CF-048099296F5A}.DVD-5|Any CPU.Build.0 = DVD-5
		{BCB04595-74D4-42B2-A7CF-048099296F5A}.Release|Any CPU.ActiveCfg = SingleImage
		{BCB04595-74D4-42B2-A7CF-048099296F5A}.Release|Any CPU.Build.0 = SingleImage
		{BCB04595-74D4-42B2-A7CF-048099296F5A}.SingleImage|Any CPU.ActiveCfg = SingleImage
		{BCB04595-74D4-42B2-A7CF-048099296F5A}.SingleImage|Any CPU.Build.0 = SingleImage
		{410F61A6-B826-40E1-9A83-B61DD8B99B92}.CD_ROM|Any CPU.ActiveCfg = Release|Any CPU
		{410F61A6-B826-40E1-9A83-B61DD8B99B92}.CD_ROM|Any CPU.Build.0 = Release|Any CPU
		{410F61A6-B826-40E1-9A83-B61DD8B99B92}.Debug|Any CPU.ActiveCfg = Debug|Any CPU
		{410F61A6-B826-40E1-9A83-B61DD8B99B92}.Debug|Any CPU.Build.0 = Debug|Any CPU
		{410F61A6-B826-40E1-9A83-B61DD8B99B92}.DVD-5|Any CPU.ActiveCfg = Debug|Any CPU
		{410F61A6-B826-40E1-9A83-B61DD8B99B92}.DVD-5|Any CPU.Build.0 = Debug|Any CPU
		{410F61A6-B826-40E1-9A83-B61DD8B99B92}.Release|Any CPU.ActiveCfg = Release|Any CPU
		{410F61A6-B826-40E1-9A83-B61DD8B99B92}.Release|Any CPU.Build.0 = Release|Any CPU
		{410F61A6-B826-40E1-9A83-B61DD8B99B92}.SingleImage|Any CPU.ActiveCfg = Release|Any CPU
		{410F61A6-B826-40E1-9A83-B61DD8B99B92}.SingleImage|Any CPU.Build.0 = Release|Any CPU
		{0F7A2458-57EB-4BCB-8E19-B8E242E8DAC2}.CD_ROM|Any CPU.ActiveCfg = CD_ROM
		{0F7A2458-57EB-4BCB-8E19-B8E242E8DAC2}.CD_ROM|Any CPU.Build.0 = CD_ROM
		{0F7A2458-57EB-4BCB-8E19-B8E242E8DAC2}.Debug|Any CPU.ActiveCfg = SingleImage
		{0F7A2458-57EB-4BCB-8E19-B8E242E8DAC2}.DVD-5|Any CPU.ActiveCfg = DVD-5
		{0F7A2458-57EB-4BCB-8E19-B8E242E8DAC2}.DVD-5|Any CPU.Build.0 = DVD-5
		{0F7A2458-57EB-4BCB-8E19-B8E242E8DAC2}.Release|Any CPU.ActiveCfg = SingleImage
		{0F7A2458-57EB-4BCB-8E19-B8E242E8DAC2}.Release|Any CPU.Build.0 = SingleImage
		{0F7A2458-57EB-4BCB-8E19-B8E242E8DAC2}.SingleImage|Any CPU.ActiveCfg = SingleImage
		{0F7A2458-57EB-4BCB-8E19-B8E242E8DAC2}.SingleImage|Any CPU.Build.0 = SingleImage
		{A2940323-C19A-4712-8375-60E837D586EA}.CD_ROM|Any CPU.ActiveCfg = Release|Any CPU
		{A2940323-C19A-4712-8375-60E837D586EA}.CD_ROM|Any CPU.Build.0 = Release|Any CPU
		{A2940323-C19A-4712-8375-60E837D586EA}.Debug|Any CPU.ActiveCfg = Debug|Any CPU
		{A2940323-C19A-4712-8375-60E837D586EA}.Debug|Any CPU.Build.0 = Debug|Any CPU
		{A2940323-C19A-4712-8375-60E837D586EA}.DVD-5|Any CPU.ActiveCfg = Debug|Any CPU
		{A2940323-C19A-4712-8375-60E837D586EA}.DVD-5|Any CPU.Build.0 = Debug|Any CPU
		{A2940323-C19A-4712-8375-60E837D586EA}.Release|Any CPU.ActiveCfg = Release|Any CPU
		{A2940323-C19A-4712-8375-60E837D586EA}.Release|Any CPU.Build.0 = Release|Any CPU
		{A2940323-C19A-4712-8375-60E837D586EA}.SingleImage|Any CPU.ActiveCfg = Release|Any CPU
		{A2940323-C19A-4712-8375-60E837D586EA}.SingleImage|Any CPU.Build.0 = Release|Any CPU
	EndGlobalSection
	GlobalSection(SolutionProperties) = preSolution
		HideSolutionNode = FALSE
	EndGlobalSection
EndGlobal
